
Microsoft Visual Studio Solution File, Format Version 12.00
Project("{2150E333-8FDC-42A3-9474-1A3956D46DE8}") = "Server", "Server", "{09DE6F52-AE92-4635-A6C6-1EC844B0D257}"
EndProject
Project("{2150E333-8FDC-42A3-9474-1A3956D46DE8}") = "Shared", "Shared", "{F1CF14F6-4822-40F5-BC9D-DFC46DB7E3D1}"
EndProject
Project("{2150E333-8FDC-42A3-9474-1A3956D46DE8}") = "Client", "Client", "{B69FED7D-5FBE-4C04-84B4-7C2395035A98}"
EndProject
Project("{FAE04EC0-301F-11D3-BF4B-00C04F79EFBC}") = "Entities", "Server\Entities\Entities.csproj", "{085912A9-14A6-4F81-BB27-0D0C2566DF19}"
EndProject
Project("{FAE04EC0-301F-11D3-BF4B-00C04F79EFBC}") = "RepositoryContracts", "Server\RepositoryContracts\RepositoryContracts.csproj", "{EB972B4C-B461-4BA7-8E1B-02C93B763779}"
EndProject
Project("{FAE04EC0-301F-11D3-BF4B-00C04F79EFBC}") = "EfcRepositories", "Server\EfcRepositories\EfcRepositories.csproj", "{81F9CD98-64FC-4874-B7F1-B7B7C68EFAB6}"
EndProject
Project("{FAE04EC0-301F-11D3-BF4B-00C04F79EFBC}") = "WebAPI", "Server\WebAPI\WebAPI.csproj", "{665D3DB6-4722-42F1-B3A3-60FC39C5116D}"
EndProject
Project("{FAE04EC0-301F-11D3-BF4B-00C04F79EFBC}") = "ApiContracts", "Shared\ApiContracts\ApiContracts.csproj", "{7E1FDC52-2033-4C36-9FFE-6F73E9358061}"
EndProject
Project("{FAE04EC0-301F-11D3-BF4B-00C04F79EFBC}") = "BlazorApp", "Client\BlazorApp\BlazorApp.csproj", "{B53899BE-B603-49DD-920B-A3C8B9ECE2C4}"
EndProject
Global
	GlobalSection(SolutionConfigurationPlatforms) = preSolution
		Debug|Any CPU = Debug|Any CPU
		Release|Any CPU = Release|Any CPU
	EndGlobalSection
	GlobalSection(NestedProjects) = preSolution
		{085912A9-14A6-4F81-BB27-0D0C2566DF19} = {09DE6F52-AE92-4635-A6C6-1EC844B0D257}
		{EB972B4C-B461-4BA7-8E1B-02C93B763779} = {09DE6F52-AE92-4635-A6C6-1EC844B0D257}
		{81F9CD98-64FC-4874-B7F1-B7B7C68EFAB6} = {09DE6F52-AE92-4635-A6C6-1EC844B0D257}
		{665D3DB6-4722-42F1-B3A3-60FC39C5116D} = {09DE6F52-AE92-4635-A6C6-1EC844B0D257}
		{7E1FDC52-2033-4C36-9FFE-6F73E9358061} = {F1CF14F6-4822-40F5-BC9D-DFC46DB7E3D1}
		{B53899BE-B603-49DD-920B-A3C8B9ECE2C4} = {B69FED7D-5FBE-4C04-84B4-7C2395035A98}
	EndGlobalSection
	GlobalSection(ProjectConfigurationPlatforms) = postSolution
		{085912A9-14A6-4F81-BB27-0D0C2566DF19}.Debug|Any CPU.ActiveCfg = Debug|Any CPU
		{085912A9-14A6-4F81-BB27-0D0C2566DF19}.Debug|Any CPU.Build.0 = Debug|Any CPU
		{085912A9-14A6-4F81-BB27-0D0C2566DF19}.Release|Any CPU.ActiveCfg = Release|Any CPU
		{085912A9-14A6-4F81-BB27-0D0C2566DF19}.Release|Any CPU.Build.0 = Release|Any CPU
		{EB972B4C-B461-4BA7-8E1B-02C93B763779}.Debug|Any CPU.ActiveCfg = Debug|Any CPU
		{EB972B4C-B461-4BA7-8E1B-02C93B763779}.Debug|Any CPU.Build.0 = Debug|Any CPU
		{EB972B4C-B461-4BA7-8E1B-02C93B763779}.Release|Any CPU.ActiveCfg = Release|Any CPU
		{EB972B4C-B461-4BA7-8E1B-02C93B763779}.Release|Any CPU.Build.0 = Release|Any CPU
		{81F9CD98-64FC-4874-B7F1-B7B7C68EFAB6}.Debug|Any CPU.ActiveCfg = Debug|Any CPU
		{81F9CD98-64FC-4874-B7F1-B7B7C68EFAB6}.Debug|Any CPU.Build.0 = Debug|Any CPU
		{81F9CD98-64FC-4874-B7F1-B7B7C68EFAB6}.Release|Any CPU.ActiveCfg = Release|Any CPU
		{81F9CD98-64FC-4874-B7F1-B7B7C68EFAB6}.Release|Any CPU.Build.0 = Release|Any CPU
		{665D3DB6-4722-42F1-B3A3-60FC39C5116D}.Debug|Any CPU.ActiveCfg = Debug|Any CPU
		{665D3DB6-4722-42F1-B3A3-60FC39C5116D}.Debug|Any CPU.Build.0 = Debug|Any CPU
		{665D3DB6-4722-42F1-B3A3-60FC39C5116D}.Release|Any CPU.ActiveCfg = Release|Any CPU
		{665D3DB6-4722-42F1-B3A3-60FC39C5116D}.Release|Any CPU.Build.0 = Release|Any CPU
		{7E1FDC52-2033-4C36-9FFE-6F73E9358061}.Debug|Any CPU.ActiveCfg = Debug|Any CPU
		{7E1FDC52-2033-4C36-9FFE-6F73E9358061}.Debug|Any CPU.Build.0 = Debug|Any CPU
		{7E1FDC52-2033-4C36-9FFE-6F73E9358061}.Release|Any CPU.ActiveCfg = Release|Any CPU
		{7E1FDC52-2033-4C36-9FFE-6F73E9358061}.Release|Any CPU.Build.0 = Release|Any CPU
		{B53899BE-B603-49DD-920B-A3C8B9ECE2C4}.Debug|Any CPU.ActiveCfg = Debug|Any CPU
		{B53899BE-B603-49DD-920B-A3C8B9ECE2C4}.Debug|Any CPU.Build.0 = Debug|Any CPU
		{B53899BE-B603-49DD-920B-A3C8B9ECE2C4}.Release|Any CPU.ActiveCfg = Release|Any CPU
		{B53899BE-B603-49DD-920B-A3C8B9ECE2C4}.Release|Any CPU.Build.0 = Release|Any CPU
	EndGlobalSection
EndGlobal
